
Microsoft Visual Studio Solution File, Format Version 12.00
# Visual Studio 15
Project("{FAE04EC0-301F-11D3-BF4B-00C04F79EFBC}") = "Assembly-CSharp", "Assembly-CSharp.csproj", "{AF5FA12E-872B-F8DC-EB26-E0306729EDC3}"
EndProject
Project("{FAE04EC0-301F-11D3-BF4B-00C04F79EFBC}") = "UnityWakatime", "UnityWakatime.csproj", "{B250EC2A-16FB-E221-D543-4E5AABB34145}"
EndProject
Global
	GlobalSection(SolutionConfigurationPlatforms) = preSolution
		Debug|Any CPU = Debug|Any CPU
		Release|Any CPU = Release|Any CPU
	EndGlobalSection
	GlobalSection(ProjectConfigurationPlatforms) = postSolution
		{AF5FA12E-872B-F8DC-EB26-E0306729EDC3}.Debug|Any CPU.ActiveCfg = Debug|Any CPU
		{AF5FA12E-872B-F8DC-EB26-E0306729EDC3}.Debug|Any CPU.Build.0 = Debug|Any CPU
		{AF5FA12E-872B-F8DC-EB26-E0306729EDC3}.Release|Any CPU.ActiveCfg = Release|Any CPU
		{AF5FA12E-872B-F8DC-EB26-E0306729EDC3}.Release|Any CPU.Build.0 = Release|Any CPU
		{B250EC2A-16FB-E221-D543-4E5AABB34145}.Debug|Any CPU.ActiveCfg = Debug|Any CPU
		{B250EC2A-16FB-E221-D543-4E5AABB34145}.Debug|Any CPU.Build.0 = Debug|Any CPU
		{B250EC2A-16FB-E221-D543-4E5AABB34145}.Release|Any CPU.ActiveCfg = Release|Any CPU
		{B250EC2A-16FB-E221-D543-4E5AABB34145}.Release|Any CPU.Build.0 = Release|Any CPU
	EndGlobalSection
	GlobalSection(SolutionProperties) = preSolution
		HideSolutionNode = FALSE
	EndGlobalSection
EndGlobal
